// !$*UTF8*$!
{
	archiveVersion = 1;
	classes = {
	};
	objectVersion = 50;
	objects = {

/* Begin PBXBuildFile section */
		3249F6F42673A79E00E5142E /* HealthScoreApp.swift in Sources */ = {isa = PBXBuildFile; fileRef = 3249F6F32673A79E00E5142E /* HealthScoreApp.swift */; };
		3249F6F62673A79E00E5142E /* ContentView.swift in Sources */ = {isa = PBXBuildFile; fileRef = 3249F6F52673A79E00E5142E /* ContentView.swift */; };
		3249F6F82673A7A000E5142E /* Assets.xcassets in Resources */ = {isa = PBXBuildFile; fileRef = 3249F6F72673A7A000E5142E /* Assets.xcassets */; };
		3249F6FB2673A7A000E5142E /* Preview Assets.xcassets in Resources */ = {isa = PBXBuildFile; fileRef = 3249F6FA2673A7A000E5142E /* Preview Assets.xcassets */; };
		3249F7062673A7A000E5142E /* HealthScoreTests.swift in Sources */ = {isa = PBXBuildFile; fileRef = 3249F7052673A7A000E5142E /* HealthScoreTests.swift */; };
		3249F7112673A7A000E5142E /* HealthScoreUITests.swift in Sources */ = {isa = PBXBuildFile; fileRef = 3249F7102673A7A000E5142E /* HealthScoreUITests.swift */; };
/* End PBXBuildFile section */

/* Begin PBXContainerItemProxy section */
		3249F7022673A7A000E5142E /* PBXContainerItemProxy */ = {
			isa = PBXContainerItemProxy;
			containerPortal = 3249F6E82673A79E00E5142E /* Project object */;
			proxyType = 1;
			remoteGlobalIDString = 3249F6EF2673A79E00E5142E;
			remoteInfo = HealthScore;
		};
		3249F70D2673A7A000E5142E /* PBXContainerItemProxy */ = {
			isa = PBXContainerItemProxy;
			containerPortal = 3249F6E82673A79E00E5142E /* Project object */;
			proxyType = 1;
			remoteGlobalIDString = 3249F6EF2673A79E00E5142E;
			remoteInfo = HealthScore;
		};
/* End PBXContainerItemProxy section */

/* Begin PBXFileReference section */
		3249F6F02673A79E00E5142E /* HealthScore.app */ = {isa = PBXFileReference; explicitFileType = wrapper.application; includeInIndex = 0; path = HealthScore.app; sourceTree = BUILT_PRODUCTS_DIR; };
		3249F6F32673A79E00E5142E /* HealthScoreApp.swift */ = {isa = PBXFileReference; lastKnownFileType = sourcecode.swift; path = HealthScoreApp.swift; sourceTree = "<group>"; };
		3249F6F52673A79E00E5142E /* ContentView.swift */ = {isa = PBXFileReference; lastKnownFileType = sourcecode.swift; path = ContentView.swift; sourceTree = "<group>"; };
		3249F6F72673A7A000E5142E /* Assets.xcassets */ = {isa = PBXFileReference; lastKnownFileType = folder.assetcatalog; path = Assets.xcassets; sourceTree = "<group>"; };
		3249F6FA2673A7A000E5142E /* Preview Assets.xcassets */ = {isa = PBXFileReference; lastKnownFileType = folder.assetcatalog; path = "Preview Assets.xcassets"; sourceTree = "<group>"; };
		3249F6FC2673A7A000E5142E /* Info.plist */ = {isa = PBXFileReference; lastKnownFileType = text.plist.xml; path = Info.plist; sourceTree = "<group>"; };
		3249F7012673A7A000E5142E /* HealthScoreTests.xctest */ = {isa = PBXFileReference; explicitFileType = wrapper.cfbundle; includeInIndex = 0; path = HealthScoreTests.xctest; sourceTree = BUILT_PRODUCTS_DIR; };
		3249F7052673A7A000E5142E /* HealthScoreTests.swift */ = {isa = PBXFileReference; lastKnownFileType = sourcecode.swift; path = HealthScoreTests.swift; sourceTree = "<group>"; };
		3249F7072673A7A000E5142E /* Info.plist */ = {isa = PBXFileReference; lastKnownFileType = text.plist.xml; path = Info.plist; sourceTree = "<group>"; };
		3249F70C2673A7A000E5142E /* HealthScoreUITests.xctest */ = {isa = PBXFileReference; explicitFileType = wrapper.cfbundle; includeInIndex = 0; path = HealthScoreUITests.xctest; sourceTree = BUILT_PRODUCTS_DIR; };
		3249F7102673A7A000E5142E /* HealthScoreUITests.swift */ = {isa = PBXFileReference; lastKnownFileType = sourcecode.swift; path = HealthScoreUITests.swift; sourceTree = "<group>"; };
		3249F7122673A7A000E5142E /* Info.plist */ = {isa = PBXFileReference; lastKnownFileType = text.plist.xml; path = Info.plist; sourceTree = "<group>"; };
/* End PBXFileReference section */

/* Begin PBXFrameworksBuildPhase section */
		3249F6ED2673A79E00E5142E /* Frameworks */ = {
			isa = PBXFrameworksBuildPhase;
			buildActionMask = 2147483647;
			files = (
			);
			runOnlyForDeploymentPostprocessing = 0;
		};
		3249F6FE2673A7A000E5142E /* Frameworks */ = {
			isa = PBXFrameworksBuildPhase;
			buildActionMask = 2147483647;
			files = (
			);
			runOnlyForDeploymentPostprocessing = 0;
		};
		3249F7092673A7A000E5142E /* Frameworks */ = {
			isa = PBXFrameworksBuildPhase;
			buildActionMask = 2147483647;
			files = (
			);
			runOnlyForDeploymentPostprocessing = 0;
		};
/* End PBXFrameworksBuildPhase section */

/* Begin PBXGroup section */
		3249F6E72673A79E00E5142E = {
			isa = PBXGroup;
			children = (
				3249F6F22673A79E00E5142E /* HealthScore */,
				3249F7042673A7A000E5142E /* HealthScoreTests */,
				3249F70F2673A7A000E5142E /* HealthScoreUITests */,
				3249F6F12673A79E00E5142E /* Products */,
			);
			sourceTree = "<group>";
		};
		3249F6F12673A79E00E5142E /* Products */ = {
			isa = PBXGroup;
			children = (
				3249F6F02673A79E00E5142E /* HealthScore.app */,
				3249F7012673A7A000E5142E /* HealthScoreTests.xctest */,
				3249F70C2673A7A000E5142E /* HealthScoreUITests.xctest */,
			);
			name = Products;
			sourceTree = "<group>";
		};
		3249F6F22673A79E00E5142E /* HealthScore */ = {
			isa = PBXGroup;
			children = (
				3249F6F32673A79E00E5142E /* HealthScoreApp.swift */,
				3249F6F52673A79E00E5142E /* ContentView.swift */,
				3249F6F72673A7A000E5142E /* Assets.xcassets */,
				3249F6FC2673A7A000E5142E /* Info.plist */,
				3249F6F92673A7A000E5142E /* Preview Content */,
			);
			path = HealthScore;
			sourceTree = "<group>";
		};
		3249F6F92673A7A000E5142E /* Preview Content */ = {
			isa = PBXGroup;
			children = (
				3249F6FA2673A7A000E5142E /* Preview Assets.xcassets */,
			);
			path = "Preview Content";
			sourceTree = "<group>";
		};
		3249F7042673A7A000E5142E /* HealthScoreTests */ = {
			isa = PBXGroup;
			children = (
				3249F7052673A7A000E5142E /* HealthScoreTests.swift */,
				3249F7072673A7A000E5142E /* Info.plist */,
			);
			path = HealthScoreTests;
			sourceTree = "<group>";
		};
		3249F70F2673A7A000E5142E /* HealthScoreUITests */ = {
			isa = PBXGroup;
			children = (
				3249F7102673A7A000E5142E /* HealthScoreUITests.swift */,
				3249F7122673A7A000E5142E /* Info.plist */,
			);
			path = HealthScoreUITests;
			sourceTree = "<group>";
		};
/* End PBXGroup section */

/* Begin PBXNativeTarget section */
		3249F6EF2673A79E00E5142E /* HealthScore */ = {
			isa = PBXNativeTarget;
			buildConfigurationList = 3249F7152673A7A000E5142E /* Build configuration list for PBXNativeTarget "HealthScore" */;
			buildPhases = (
				3249F6EC2673A79E00E5142E /* Sources */,
				3249F6ED2673A79E00E5142E /* Frameworks */,
				3249F6EE2673A79E00E5142E /* Resources */,
			);
			buildRules = (
			);
			dependencies = (
			);
			name = HealthScore;
			productName = HealthScore;
			productReference = 3249F6F02673A79E00E5142E /* HealthScore.app */;
			productType = "com.apple.product-type.application";
		};
		3249F7002673A7A000E5142E /* HealthScoreTests */ = {
			isa = PBXNativeTarget;
			buildConfigurationList = 3249F7182673A7A000E5142E /* Build configuration list for PBXNativeTarget "HealthScoreTests" */;
			buildPhases = (
				3249F6FD2673A7A000E5142E /* Sources */,
				3249F6FE2673A7A000E5142E /* Frameworks */,
				3249F6FF2673A7A000E5142E /* Resources */,
			);
			buildRules = (
			);
			dependencies = (
				3249F7032673A7A000E5142E /* PBXTargetDependency */,
			);
			name = HealthScoreTests;
			productName = HealthScoreTests;
			productReference = 3249F7012673A7A000E5142E /* HealthScoreTests.xctest */;
			productType = "com.apple.product-type.bundle.unit-test";
		};
		3249F70B2673A7A000E5142E /* HealthScoreUITests */ = {
			isa = PBXNativeTarget;
			buildConfigurationList = 3249F71B2673A7A000E5142E /* Build configuration list for PBXNativeTarget "HealthScoreUITests" */;
			buildPhases = (
				3249F7082673A7A000E5142E /* Sources */,
				3249F7092673A7A000E5142E /* Frameworks */,
				3249F70A2673A7A000E5142E /* Resources */,
			);
			buildRules = (
			);
			dependencies = (
				3249F70E2673A7A000E5142E /* PBXTargetDependency */,
			);
			name = HealthScoreUITests;
			productName = HealthScoreUITests;
			productReference = 3249F70C2673A7A000E5142E /* HealthScoreUITests.xctest */;
			productType = "com.apple.product-type.bundle.ui-testing";
		};
/* End PBXNativeTarget section */

/* Begin PBXProject section */
		3249F6E82673A79E00E5142E /* Project object */ = {
			isa = PBXProject;
			attributes = {
				LastSwiftUpdateCheck = 1250;
				LastUpgradeCheck = 1250;
				TargetAttributes = {
					3249F6EF2673A79E00E5142E = {
						CreatedOnToolsVersion = 12.5;
					};
					3249F7002673A7A000E5142E = {
						CreatedOnToolsVersion = 12.5;
						TestTargetID = 3249F6EF2673A79E00E5142E;
					};
					3249F70B2673A7A000E5142E = {
						CreatedOnToolsVersion = 12.5;
						TestTargetID = 3249F6EF2673A79E00E5142E;
					};
				};
			};
			buildConfigurationList = 3249F6EB2673A79E00E5142E /* Build configuration list for PBXProject "HealthScore" */;
			compatibilityVersion = "Xcode 9.3";
			developmentRegion = en;
			hasScannedForEncodings = 0;
			knownRegions = (
				en,
				Base,
			);
			mainGroup = 3249F6E72673A79E00E5142E;
			productRefGroup = 3249F6F12673A79E00E5142E /* Products */;
			projectDirPath = "";
			projectRoot = "";
			targets = (
				3249F6EF2673A79E00E5142E /* HealthScore */,
				3249F7002673A7A000E5142E /* HealthScoreTests */,
				3249F70B2673A7A000E5142E /* HealthScoreUITests */,
			);
		};
/* End PBXProject section */

/* Begin PBXResourcesBuildPhase section */
		3249F6EE2673A79E00E5142E /* Resources */ = {
			isa = PBXResourcesBuildPhase;
			buildActionMask = 2147483647;
			files = (
				3249F6FB2673A7A000E5142E /* Preview Assets.xcassets in Resources */,
				3249F6F82673A7A000E5142E /* Assets.xcassets in Resources */,
			);
			runOnlyForDeploymentPostprocessing = 0;
		};
		3249F6FF2673A7A000E5142E /* Resources */ = {
			isa = PBXResourcesBuildPhase;
			buildActionMask = 2147483647;
			files = (
			);
			runOnlyForDeploymentPostprocessing = 0;
		};
		3249F70A2673A7A000E5142E /* Resources */ = {
			isa = PBXResourcesBuildPhase;
			buildActionMask = 2147483647;
			files = (
			);
			runOnlyForDeploymentPostprocessing = 0;
		};
/* End PBXResourcesBuildPhase section */

/* Begin PBXSourcesBuildPhase section */
		3249F6EC2673A79E00E5142E /* Sources */ = {
			isa = PBXSourcesBuildPhase;
			buildActionMask = 2147483647;
			files = (
				3249F6F62673A79E00E5142E /* ContentView.swift in Sources */,
				3249F6F42673A79E00E5142E /* HealthScoreApp.swift in Sources */,
			);
			runOnlyForDeploymentPostprocessing = 0;
		};
		3249F6FD2673A7A000E5142E /* Sources */ = {
			isa = PBXSourcesBuildPhase;
			buildActionMask = 2147483647;
			files = (
				3249F7062673A7A000E5142E /* HealthScoreTests.swift in Sources */,
			);
			runOnlyForDeploymentPostprocessing = 0;
		};
		3249F7082673A7A000E5142E /* Sources */ = {
			isa = PBXSourcesBuildPhase;
			buildActionMask = 2147483647;
			files = (
				3249F7112673A7A000E5142E /* HealthScoreUITests.swift in Sources */,
			);
			runOnlyForDeploymentPostprocessing = 0;
		};
/* End PBXSourcesBuildPhase section */

/* Begin PBXTargetDependency section */
		3249F7032673A7A000E5142E /* PBXTargetDependency */ = {
			isa = PBXTargetDependency;
			target = 3249F6EF2673A79E00E5142E /* HealthScore */;
			targetProxy = 3249F7022673A7A000E5142E /* PBXContainerItemProxy */;
		};
		3249F70E2673A7A000E5142E /* PBXTargetDependency */ = {
			isa = PBXTargetDependency;
			target = 3249F6EF2673A79E00E5142E /* HealthScore */;
			targetProxy = 3249F70D2673A7A000E5142E /* PBXContainerItemProxy */;
		};
/* End PBXTargetDependency section */

/* Begin XCBuildConfiguration section */
		3249F7132673A7A000E5142E /* Debug */ = {
			isa = XCBuildConfiguration;
			buildSettings = {
				ALWAYS_SEARCH_USER_PATHS = NO;
				CLANG_ANALYZER_NONNULL = YES;
				CLANG_ANALYZER_NUMBER_OBJECT_CONVERSION = YES_AGGRESSIVE;
				CLANG_CXX_LANGUAGE_STANDARD = "gnu++14";
				CLANG_CXX_LIBRARY = "libc++";
				CLANG_ENABLE_MODULES = YES;
				CLANG_ENABLE_OBJC_ARC = YES;
				CLANG_ENABLE_OBJC_WEAK = YES;
				CLANG_WARN_BLOCK_CAPTURE_AUTORELEASING = YES;
				CLANG_WARN_BOOL_CONVERSION = YES;
				CLANG_WARN_COMMA = YES;
				CLANG_WARN_CONSTANT_CONVERSION = YES;
				CLANG_WARN_DEPRECATED_OBJC_IMPLEMENTATIONS = YES;
				CLANG_WARN_DIRECT_OBJC_ISA_USAGE = YES_ERROR;
				CLANG_WARN_DOCUMENTATION_COMMENTS = YES;
				CLANG_WARN_EMPTY_BODY = YES;
				CLANG_WARN_ENUM_CONVERSION = YES;
				CLANG_WARN_INFINITE_RECURSION = YES;
				CLANG_WARN_INT_CONVERSION = YES;
				CLANG_WARN_NON_LITERAL_NULL_CONVERSION = YES;
				CLANG_WARN_OBJC_IMPLICIT_RETAIN_SELF = YES;
				CLANG_WARN_OBJC_LITERAL_CONVERSION = YES;
				CLANG_WARN_OBJC_ROOT_CLASS = YES_ERROR;
				CLANG_WARN_QUOTED_INCLUDE_IN_FRAMEWORK_HEADER = YES;
				CLANG_WARN_RANGE_LOOP_ANALYSIS = YES;
				CLANG_WARN_STRICT_PROTOTYPES = YES;
				CLANG_WARN_SUSPICIOUS_MOVE = YES;
				CLANG_WARN_UNGUARDED_AVAILABILITY = YES_AGGRESSIVE;
				CLANG_WARN_UNREACHABLE_CODE = YES;
				CLANG_WARN__DUPLICATE_METHOD_MATCH = YES;
				COPY_PHASE_STRIP = NO;
				DEBUG_INFORMATION_FORMAT = dwarf;
				ENABLE_STRICT_OBJC_MSGSEND = YES;
				ENABLE_TESTABILITY = YES;
				GCC_C_LANGUAGE_STANDARD = gnu11;
				GCC_DYNAMIC_NO_PIC = NO;
				GCC_NO_COMMON_BLOCKS = YES;
				GCC_OPTIMIZATION_LEVEL = 0;
				GCC_PREPROCESSOR_DEFINITIONS = (
					"DEBUG=1",
					"$(inherited)",
				);
				GCC_WARN_64_TO_32_BIT_CONVERSION = YES;
				GCC_WARN_ABOUT_RETURN_TYPE = YES_ERROR;
				GCC_WARN_UNDECLARED_SELECTOR = YES;
				GCC_WARN_UNINITIALIZED_AUTOS = YES_AGGRESSIVE;
				GCC_WARN_UNUSED_FUNCTION = YES;
				GCC_WARN_UNUSED_VARIABLE = YES;
				IPHONEOS_DEPLOYMENT_TARGET = 14.5;
				MTL_ENABLE_DEBUG_INFO = INCLUDE_SOURCE;
				MTL_FAST_MATH = YES;
				ONLY_ACTIVE_ARCH = YES;
				SDKROOT = iphoneos;
				SWIFT_ACTIVE_COMPILATION_CONDITIONS = DEBUG;
				SWIFT_OPTIMIZATION_LEVEL = "-Onone";
			};
			name = Debug;
		};
		3249F7142673A7A000E5142E /* Release */ = {
			isa = XCBuildConfiguration;
			buildSettings = {
				ALWAYS_SEARCH_USER_PATHS = NO;
				CLANG_ANALYZER_NONNULL = YES;
				CLANG_ANALYZER_NUMBER_OBJECT_CONVERSION = YES_AGGRESSIVE;
				CLANG_CXX_LANGUAGE_STANDARD = "gnu++14";
				CLANG_CXX_LIBRARY = "libc++";
				CLANG_ENABLE_MODULES = YES;
				CLANG_ENABLE_OBJC_ARC = YES;
				CLANG_ENABLE_OBJC_WEAK = YES;
				CLANG_WARN_BLOCK_CAPTURE_AUTORELEASING = YES;
				CLANG_WARN_BOOL_CONVERSION = YES;
				CLANG_WARN_COMMA = YES;
				CLANG_WARN_CONSTANT_CONVERSION = YES;
				CLANG_WARN_DEPRECATED_OBJC_IMPLEMENTATIONS = YES;
				CLANG_WARN_DIRECT_OBJC_ISA_USAGE = YES_ERROR;
				CLANG_WARN_DOCUMENTATION_COMMENTS = YES;
				CLANG_WARN_EMPTY_BODY = YES;
				CLANG_WARN_ENUM_CONVERSION = YES;
				CLANG_WARN_INFINITE_RECURSION = YES;
				CLANG_WARN_INT_CONVERSION = YES;
				CLANG_WARN_NON_LITERAL_NULL_CONVERSION = YES;
				CLANG_WARN_OBJC_IMPLICIT_RETAIN_SELF = YES;
				CLANG_WARN_OBJC_LITERAL_CONVERSION = YES;
				CLANG_WARN_OBJC_ROOT_CLASS = YES_ERROR;
				CLANG_WARN_QUOTED_INCLUDE_IN_FRAMEWORK_HEADER = YES;
				CLANG_WARN_RANGE_LOOP_ANALYSIS = YES;
				CLANG_WARN_STRICT_PROTOTYPES = YES;
				CLANG_WARN_SUSPICIOUS_MOVE = YES;
				CLANG_WARN_UNGUARDED_AVAILABILITY = YES_AGGRESSIVE;
				CLANG_WARN_UNREACHABLE_CODE = YES;
				CLANG_WARN__DUPLICATE_METHOD_MATCH = YES;
				COPY_PHASE_STRIP = NO;
				DEBUG_INFORMATION_FORMAT = "dwarf-with-dsym";
				ENABLE_NS_ASSERTIONS = NO;
				ENABLE_STRICT_OBJC_MSGSEND = YES;
				GCC_C_LANGUAGE_STANDARD = gnu11;
				GCC_NO_COMMON_BLOCKS = YES;
				GCC_WARN_64_TO_32_BIT_CONVERSION = YES;
				GCC_WARN_ABOUT_RETURN_TYPE = YES_ERROR;
				GCC_WARN_UNDECLARED_SELECTOR = YES;
				GCC_WARN_UNINITIALIZED_AUTOS = YES_AGGRESSIVE;
				GCC_WARN_UNUSED_FUNCTION = YES;
				GCC_WARN_UNUSED_VARIABLE = YES;
				IPHONEOS_DEPLOYMENT_TARGET = 14.5;
				MTL_ENABLE_DEBUG_INFO = NO;
				MTL_FAST_MATH = YES;
				SDKROOT = iphoneos;
				SWIFT_COMPILATION_MODE = wholemodule;
				SWIFT_OPTIMIZATION_LEVEL = "-O";
				VALIDATE_PRODUCT = YES;
			};
			name = Release;
		};
		3249F7162673A7A000E5142E /* Debug */ = {
			isa = XCBuildConfiguration;
			buildSettings = {
				ASSETCATALOG_COMPILER_APPICON_NAME = AppIcon;
				ASSETCATALOG_COMPILER_GLOBAL_ACCENT_COLOR_NAME = AccentColor;
				CODE_SIGN_STYLE = Automatic;
				DEVELOPMENT_ASSET_PATHS = "\"HealthScore/Preview Content\"";
				ENABLE_PREVIEWS = YES;
				INFOPLIST_FILE = HealthScore/Info.plist;
				IPHONEOS_DEPLOYMENT_TARGET = 14.0;
				LD_RUNPATH_SEARCH_PATHS = (
					"$(inherited)",
					"@executable_path/Frameworks",
				);
				PRODUCT_BUNDLE_IDENTIFIER = markevich.HealthScore;
				PRODUCT_NAME = "$(TARGET_NAME)";
				SWIFT_VERSION = 5.0;
				TARGETED_DEVICE_FAMILY = "1,2";
			};
			name = Debug;
		};
		3249F7172673A7A000E5142E /* Release */ = {
			isa = XCBuildConfiguration;
			buildSettings = {
				ASSETCATALOG_COMPILER_APPICON_NAME = AppIcon;
				ASSETCATALOG_COMPILER_GLOBAL_ACCENT_COLOR_NAME = AccentColor;
				CODE_SIGN_STYLE = Automatic;
				DEVELOPMENT_ASSET_PATHS = "\"HealthScore/Preview Content\"";
				ENABLE_PREVIEWS = YES;
				INFOPLIST_FILE = HealthScore/Info.plist;
				IPHONEOS_DEPLOYMENT_TARGET = 14.0;
				LD_RUNPATH_SEARCH_PATHS = (
					"$(inherited)",
					"@executable_path/Frameworks",
				);
				PRODUCT_BUNDLE_IDENTIFIER = markevich.HealthScore;
				PRODUCT_NAME = "$(TARGET_NAME)";
				SWIFT_VERSION = 5.0;
				TARGETED_DEVICE_FAMILY = "1,2";
			};
			name = Release;
		};
		3249F7192673A7A000E5142E /* Debug */ = {
			isa = XCBuildConfiguration;
			buildSettings = {
				ALWAYS_EMBED_SWIFT_STANDARD_LIBRARIES = YES;
				BUNDLE_LOADER = "$(TEST_HOST)";
				CODE_SIGN_STYLE = Automatic;
				INFOPLIST_FILE = HealthScoreTests/Info.plist;
				IPHONEOS_DEPLOYMENT_TARGET = 14.0;
				LD_RUNPATH_SEARCH_PATHS = (
					"$(inherited)",
					"@executable_path/Frameworks",
					"@loader_path/Frameworks",
				);
				PRODUCT_BUNDLE_IDENTIFIER = markevich.HealthScoreTests;
				PRODUCT_NAME = "$(TARGET_NAME)";
				SWIFT_VERSION = 5.0;
				TARGETED_DEVICE_FAMILY = "1,2";
				TEST_HOST = "$(BUILT_PRODUCTS_DIR)/HealthScore.app/HealthScore";
			};
			name = Debug;
		};
		3249F71A2673A7A000E5142E /* Release */ = {
			isa = XCBuildConfiguration;
			buildSettings = {
				ALWAYS_EMBED_SWIFT_STANDARD_LIBRARIES = YES;
				BUNDLE_LOADER = "$(TEST_HOST)";
				CODE_SIGN_STYLE = Automatic;
				INFOPLIST_FILE = HealthScoreTests/Info.plist;
				IPHONEOS_DEPLOYMENT_TARGET = 14.0;
				LD_RUNPATH_SEARCH_PATHS = (
					"$(inherited)",
					"@executable_path/Frameworks",
					"@loader_path/Frameworks",
				);
				PRODUCT_BUNDLE_IDENTIFIER = markevich.HealthScoreTests;
				PRODUCT_NAME = "$(TARGET_NAME)";
				SWIFT_VERSION = 5.0;
				TARGETED_DEVICE_FAMILY = "1,2";
				TEST_HOST = "$(BUILT_PRODUCTS_DIR)/HealthScore.app/HealthScore";
			};
			name = Release;
		};
		3249F71C2673A7A000E5142E /* Debug */ = {
			isa = XCBuildConfiguration;
			buildSettings = {
				ALWAYS_EMBED_SWIFT_STANDARD_LIBRARIES = YES;
				CODE_SIGN_STYLE = Automatic;
				INFOPLIST_FILE = HealthScoreUITests/Info.plist;
				LD_RUNPATH_SEARCH_PATHS = (
					"$(inherited)",
					"@executable_path/Frameworks",
					"@loader_path/Frameworks",
				);
				PRODUCT_BUNDLE_IDENTIFIER = markevich.HealthScoreUITests;
				PRODUCT_NAME = "$(TARGET_NAME)";
				SWIFT_VERSION = 5.0;
				TARGETED_DEVICE_FAMILY = "1,2";
				TEST_TARGET_NAME = HealthScore;
			};
			name = Debug;
		};
		3249F71D2673A7A000E5142E /* Release */ = {
			isa = XCBuildConfiguration;
			buildSettings = {
				ALWAYS_EMBED_SWIFT_STANDARD_LIBRARIES = YES;
				CODE_SIGN_STYLE = Automatic;
				INFOPLIST_FILE = HealthScoreUITests/Info.plist;
				LD_RUNPATH_SEARCH_PATHS = (
					"$(inherited)",
					"@executable_path/Frameworks",
					"@loader_path/Frameworks",
				);
				PRODUCT_BUNDLE_IDENTIFIER = markevich.HealthScoreUITests;
				PRODUCT_NAME = "$(TARGET_NAME)";
				SWIFT_VERSION = 5.0;
				TARGETED_DEVICE_FAMILY = "1,2";
				TEST_TARGET_NAME = HealthScore;
			};
			name = Release;
		};
/* End XCBuildConfiguration section */

/* Begin XCConfigurationList section */
		3249F6EB2673A79E00E5142E /* Build configuration list for PBXProject "HealthScore" */ = {
			isa = XCConfigurationList;
			buildConfigurations = (
				3249F7132673A7A000E5142E /* Debug */,
				3249F7142673A7A000E5142E /* Release */,
			);
			defaultConfigurationIsVisible = 0;
			defaultConfigurationName = Release;
		};
		3249F7152673A7A000E5142E /* Build configuration list for PBXNativeTarget "HealthScore" */ = {
			isa = XCConfigurationList;
			buildConfigurations = (
				3249F7162673A7A000E5142E /* Debug */,
				3249F7172673A7A000E5142E /* Release */,
			);
			defaultConfigurationIsVisible = 0;
			defaultConfigurationName = Release;
		};
		3249F7182673A7A000E5142E /* Build configuration list for PBXNativeTarget "HealthScoreTests" */ = {
			isa = XCConfigurationList;
			buildConfigurations = (
				3249F7192673A7A000E5142E /* Debug */,
				3249F71A2673A7A000E5142E /* Release */,
			);
			defaultConfigurationIsVisible = 0;
			defaultConfigurationName = Release;
		};
		3249F71B2673A7A000E5142E /* Build configuration list for PBXNativeTarget "HealthScoreUITests" */ = {
			isa = XCConfigurationList;
			buildConfigurations = (
				3249F71C2673A7A000E5142E /* Debug */,
				3249F71D2673A7A000E5142E /* Release */,
			);
			defaultConfigurationIsVisible = 0;
			defaultConfigurationName = Release;
		};
/* End XCConfigurationList section */
	};
	rootObject = 3249F6E82673A79E00E5142E /* Project object */;
}
